
Microsoft Visual Studio Solution File, Format Version 12.00
# Visual Studio Version 17
VisualStudioVersion = 17.1.32414.318
MinimumVisualStudioVersion = 10.0.40219.1
Project("{9A19103F-16F7-4668-BE54-9A1E7A4F7556}") = "DataAccess", "DataAccess\DataAccess.csproj", "{9690EA8D-01B5-48E3-B64F-98ED9101E45D}"
EndProject
Project("{9A19103F-16F7-4668-BE54-9A1E7A4F7556}") = "Business", "Business\Business.csproj", "{E344DB76-8E89-4ABC-84A7-92657F50B5A2}"
EndProject
Project("{9A19103F-16F7-4668-BE54-9A1E7A4F7556}") = "Entities", "Entities\Entities.csproj", "{A8CCF608-DF73-484C-BA35-16755FB9013E}"
EndProject
Project("{9A19103F-16F7-4668-BE54-9A1E7A4F7556}") = "ConsoleUI", "ConsoleUI\ConsoleUI.csproj", "{7C7966B4-199E-49B9-AB5B-762C311285B2}"
EndProject
Project("{9A19103F-16F7-4668-BE54-9A1E7A4F7556}") = "API", "API\API.csproj", "{B382530B-EBD0-4B34-AB4B-E0FB46F589F6}"
EndProject
Global
	GlobalSection(SolutionConfigurationPlatforms) = preSolution
		Debug|Any CPU = Debug|Any CPU
		Release|Any CPU = Release|Any CPU
	EndGlobalSection
	GlobalSection(ProjectConfigurationPlatforms) = postSolution
		{9690EA8D-01B5-48E3-B64F-98ED9101E45D}.Debug|Any CPU.ActiveCfg = Debug|Any CPU
		{9690EA8D-01B5-48E3-B64F-98ED9101E45D}.Debug|Any CPU.Build.0 = Debug|Any CPU
		{9690EA8D-01B5-48E3-B64F-98ED9101E45D}.Release|Any CPU.ActiveCfg = Release|Any CPU
		{9690EA8D-01B5-48E3-B64F-98ED9101E45D}.Release|Any CPU.Build.0 = Release|Any CPU
		{E344DB76-8E89-4ABC-84A7-92657F50B5A2}.Debug|Any CPU.ActiveCfg = Debug|Any CPU
		{E344DB76-8E89-4ABC-84A7-92657F50B5A2}.Debug|Any CPU.Build.0 = Debug|Any CPU
		{E344DB76-8E89-4ABC-84A7-92657F50B5A2}.Release|Any CPU.ActiveCfg = Release|Any CPU
		{E344DB76-8E89-4ABC-84A7-92657F50B5A2}.Release|Any CPU.Build.0 = Release|Any CPU
		{A8CCF608-DF73-484C-BA35-16755FB9013E}.Debug|Any CPU.ActiveCfg = Debug|Any CPU
		{A8CCF608-DF73-484C-BA35-16755FB9013E}.Debug|Any CPU.Build.0 = Debug|Any CPU
		{A8CCF608-DF73-484C-BA35-16755FB9013E}.Release|Any CPU.ActiveCfg = Release|Any CPU
		{A8CCF608-DF73-484C-BA35-16755FB9013E}.Release|Any CPU.Build.0 = Release|Any CPU
		{7C7966B4-199E-49B9-AB5B-762C311285B2}.Debug|Any CPU.ActiveCfg = Debug|Any CPU
		{7C7966B4-199E-49B9-AB5B-762C311285B2}.Debug|Any CPU.Build.0 = Debug|Any CPU
		{7C7966B4-199E-49B9-AB5B-762C311285B2}.Release|Any CPU.ActiveCfg = Release|Any CPU
		{7C7966B4-199E-49B9-AB5B-762C311285B2}.Release|Any CPU.Build.0 = Release|Any CPU
		{B382530B-EBD0-4B34-AB4B-E0FB46F589F6}.Debug|Any CPU.ActiveCfg = Debug|Any CPU
		{B382530B-EBD0-4B34-AB4B-E0FB46F589F6}.Debug|Any CPU.Build.0 = Debug|Any CPU
		{B382530B-EBD0-4B34-AB4B-E0FB46F589F6}.Release|Any CPU.ActiveCfg = Release|Any CPU
		{B382530B-EBD0-4B34-AB4B-E0FB46F589F6}.Release|Any CPU.Build.0 = Release|Any CPU
	EndGlobalSection
	GlobalSection(SolutionProperties) = preSolution
		HideSolutionNode = FALSE
	EndGlobalSection
	GlobalSection(ExtensibilityGlobals) = postSolution
		SolutionGuid = {B38D0524-A770-4BC2-9A0B-4F9CBC908022}
	EndGlobalSection
EndGlobal
